{
  "name": "yjs-we-server",
  "version": "0.1.0",
  "lockfileVersion": 2,
  "requires": true,
  "packages": {
    "": {
      "name": "yjs-we-server",
      "version": "0.1.0",
      "license": "MIT",
      "dependencies": {
        "lib0": "^0.2.51",
        "lodash.debounce": "^4.0.8",
        "ws": "^8.6.0",
        "y-protocols": "^1.0.5",
        "yjs": "^13.5.38"
      },
      "devDependencies": {
        "@types/lodash.debounce": "^4.0.7",
        "@types/node": "^17.0.35",
        "@types/ws": "^8.5.3",
        "typescript": "^4.6.4"
      }
    },
    "node_modules/@types/lodash": {
      "version": "4.14.182",
      "resolved": "https://registry.npmjs.org/@types/lodash/-/lodash-4.14.182.tgz",
      "integrity": "sha512-/THyiqyQAP9AfARo4pF+aCGcyiQ94tX/Is2I7HofNRqoYLgN1PBoOWu2/zTA5zMxzP5EFutMtWtGAFRKUe961Q==",
      "dev": true
    },
    "node_modules/@types/lodash.debounce": {
      "version": "4.0.7",
      "resolved": "https://registry.npmjs.org/@types/lodash.debounce/-/lodash.debounce-4.0.7.tgz",
      "integrity": "sha512-X1T4wMZ+gT000M2/91SYj0d/7JfeNZ9PeeOldSNoE/lunLeQXKvkmIumI29IaKMotU/ln/McOIvgzZcQ/3TrSA==",
      "dev": true,
      "dependencies": {
        "@types/lodash": "*"
      }
    },
    "node_modules/@types/node": {
      "version": "17.0.35",
      "resolved": "https://registry.npmjs.org/@types/node/-/node-17.0.35.tgz",
      "integrity": "sha512-vu1SrqBjbbZ3J6vwY17jBs8Sr/BKA+/a/WtjRG+whKg1iuLFOosq872EXS0eXWILdO36DHQQeku/ZcL6hz2fpg==",
      "dev": true
    },
    "node_modules/@types/ws": {
      "version": "8.5.3",
      "resolved": "https://registry.npmjs.org/@types/ws/-/ws-8.5.3.tgz",
      "integrity": "sha512-6YOoWjruKj1uLf3INHH7D3qTXwFfEsg1kf3c0uDdSBJwfa/llkwIjrAGV7j7mVgGNbzTQ3HiHKKDXl6bJPD97w==",
      "dev": true,
      "dependencies": {
        "@types/node": "*"
      }
    },
    "node_modules/isomorphic.js": {
      "version": "0.2.5",
      "resolved": "https://registry.npmjs.org/isomorphic.js/-/isomorphic.js-0.2.5.tgz",
      "integrity": "sha512-PIeMbHqMt4DnUP3MA/Flc0HElYjMXArsw1qwJZcm9sqR8mq3l8NYizFMty0pWwE/tzIGH3EKK5+jes5mAr85yw==",
      "funding": {
        "type": "GitHub Sponsors ❤",
        "url": "https://github.com/sponsors/dmonad"
      }
    },
    "node_modules/lib0": {
      "version": "0.2.51",
      "resolved": "https://registry.npmjs.org/lib0/-/lib0-0.2.51.tgz",
      "integrity": "sha512-05Erb3465CxJa38LQlMz4EbetNvRna1S3BzqEjC0/pmp5cQuQSfNNmeS0722Wev1dRlMUp2Cql0gQ55krSXf2Q==",
      "dependencies": {
        "isomorphic.js": "^0.2.4"
      },
      "engines": {
        "node": ">=12"
      },
      "funding": {
        "type": "GitHub Sponsors ❤",
        "url": "https://github.com/sponsors/dmonad"
      }
    },
    "node_modules/lodash.debounce": {
      "version": "4.0.8",
      "resolved": "https://registry.npmjs.org/lodash.debounce/-/lodash.debounce-4.0.8.tgz",
      "integrity": "sha1-gteb/zCmfEAF/9XiUVMArZyk168="
    },
    "node_modules/typescript": {
      "version": "4.7.2",
      "resolved": "https://registry.npmjs.org/typescript/-/typescript-4.7.2.tgz",
      "integrity": "sha512-Mamb1iX2FDUpcTRzltPxgWMKy3fhg0TN378ylbktPGPK/99KbDtMQ4W1hwgsbPAsG3a0xKa1vmw4VKZQbkvz5A==",
      "dev": true,
      "bin": {
        "tsc": "bin/tsc",
        "tsserver": "bin/tsserver"
      },
      "engines": {
        "node": ">=4.2.0"
      }
    },
    "node_modules/ws": {
      "version": "8.6.0",
      "resolved": "https://registry.npmjs.org/ws/-/ws-8.6.0.tgz",
      "integrity": "sha512-AzmM3aH3gk0aX7/rZLYvjdvZooofDu3fFOzGqcSnQ1tOcTWwhM/o+q++E8mAyVVIyUdajrkzWUGftaVSDLn1bw==",
      "engines": {
        "node": ">=10.0.0"
      },
      "peerDependencies": {
        "bufferutil": "^4.0.1",
        "utf-8-validate": "^5.0.2"
      },
      "peerDependenciesMeta": {
        "bufferutil": {
          "optional": true
        },
        "utf-8-validate": {
          "optional": true
        }
      }
    },
    "node_modules/y-protocols": {
      "version": "1.0.5",
      "resolved": "https://registry.npmjs.org/y-protocols/-/y-protocols-1.0.5.tgz",
      "integrity": "sha512-Wil92b7cGk712lRHDqS4T90IczF6RkcvCwAD0A2OPg+adKmOe+nOiT/N2hvpQIWS3zfjmtL4CPaH5sIW1Hkm/A==",
      "dependencies": {
        "lib0": "^0.2.42"
      },
      "funding": {
        "type": "GitHub Sponsors ❤",
        "url": "https://github.com/sponsors/dmonad"
      }
    },
    "node_modules/yjs": {
      "version": "13.5.38",
      "resolved": "https://registry.npmjs.org/yjs/-/yjs-13.5.38.tgz",
      "integrity": "sha512-YCHj6DkgxhIRqdxqTI+htGAhvfmgkS974pz+/OOiuLOj0EgGfUKvtp4yYyQGg1Wf3m4oLet9x7gEvCrxaGiVZQ==",
      "dependencies": {
        "lib0": "^0.2.49"
      },
      "funding": {
        "type": "GitHub Sponsors ❤",
        "url": "https://github.com/sponsors/dmonad"
      }
    }
  },
  "dependencies": {
    "@types/lodash": {
      "version": "4.14.182",
      "resolved": "https://registry.npmjs.org/@types/lodash/-/lodash-4.14.182.tgz",
      "integrity": "sha512-/THyiqyQAP9AfARo4pF+aCGcyiQ94tX/Is2I7HofNRqoYLgN1PBoOWu2/zTA5zMxzP5EFutMtWtGAFRKUe961Q==",
      "dev": true
    },
    "@types/lodash.debounce": {
      "version": "4.0.7",
      "resolved": "https://registry.npmjs.org/@types/lodash.debounce/-/lodash.debounce-4.0.7.tgz",
      "integrity": "sha512-X1T4wMZ+gT000M2/91SYj0d/7JfeNZ9PeeOldSNoE/lunLeQXKvkmIumI29IaKMotU/ln/McOIvgzZcQ/3TrSA==",
      "dev": true,
      "requires": {
        "@types/lodash": "*"
      }
    },
    "@types/node": {
      "version": "17.0.35",
      "resolved": "https://registry.npmjs.org/@types/node/-/node-17.0.35.tgz",
      "integrity": "sha512-vu1SrqBjbbZ3J6vwY17jBs8Sr/BKA+/a/WtjRG+whKg1iuLFOosq872EXS0eXWILdO36DHQQeku/ZcL6hz2fpg==",
      "dev": true
    },
    "@types/ws": {
      "version": "8.5.3",
      "resolved": "https://registry.npmjs.org/@types/ws/-/ws-8.5.3.tgz",
      "integrity": "sha512-6YOoWjruKj1uLf3INHH7D3qTXwFfEsg1kf3c0uDdSBJwfa/llkwIjrAGV7j7mVgGNbzTQ3HiHKKDXl6bJPD97w==",
      "dev": true,
      "requires": {
        "@types/node": "*"
      }
    },
    "isomorphic.js": {
      "version": "0.2.5",
      "resolved": "https://registry.npmjs.org/isomorphic.js/-/isomorphic.js-0.2.5.tgz",
      "integrity": "sha512-PIeMbHqMt4DnUP3MA/Flc0HElYjMXArsw1qwJZcm9sqR8mq3l8NYizFMty0pWwE/tzIGH3EKK5+jes5mAr85yw=="
    },
    "lib0": {
      "version": "0.2.51",
      "resolved": "https://registry.npmjs.org/lib0/-/lib0-0.2.51.tgz",
      "integrity": "sha512-05Erb3465CxJa38LQlMz4EbetNvRna1S3BzqEjC0/pmp5cQuQSfNNmeS0722Wev1dRlMUp2Cql0gQ55krSXf2Q==",
      "requires": {
        "isomorphic.js": "^0.2.4"
      }
    },
    "lodash.debounce": {
      "version": "4.0.8",
      "resolved": "https://registry.npmjs.org/lodash.debounce/-/lodash.debounce-4.0.8.tgz",
      "integrity": "sha1-gteb/zCmfEAF/9XiUVMArZyk168="
    },
    "typescript": {
      "version": "4.7.2",
      "resolved": "https://registry.npmjs.org/typescript/-/typescript-4.7.2.tgz",
      "integrity": "sha512-Mamb1iX2FDUpcTRzltPxgWMKy3fhg0TN378ylbktPGPK/99KbDtMQ4W1hwgsbPAsG3a0xKa1vmw4VKZQbkvz5A==",
      "dev": true
    },
    "ws": {
      "version": "8.6.0",
      "resolved": "https://registry.npmjs.org/ws/-/ws-8.6.0.tgz",
      "integrity": "sha512-AzmM3aH3gk0aX7/rZLYvjdvZooofDu3fFOzGqcSnQ1tOcTWwhM/o+q++E8mAyVVIyUdajrkzWUGftaVSDLn1bw==",
      "requires": {}
    },
    "y-protocols": {
      "version": "1.0.5",
      "resolved": "https://registry.npmjs.org/y-protocols/-/y-protocols-1.0.5.tgz",
      "integrity": "sha512-Wil92b7cGk712lRHDqS4T90IczF6RkcvCwAD0A2OPg+adKmOe+nOiT/N2hvpQIWS3zfjmtL4CPaH5sIW1Hkm/A==",
      "requires": {
        "lib0": "^0.2.42"
      }
    },
    "yjs": {
      "version": "13.5.38",
      "resolved": "https://registry.npmjs.org/yjs/-/yjs-13.5.38.tgz",
      "integrity": "sha512-YCHj6DkgxhIRqdxqTI+htGAhvfmgkS974pz+/OOiuLOj0EgGfUKvtp4yYyQGg1Wf3m4oLet9x7gEvCrxaGiVZQ==",
      "requires": {
        "lib0": "^0.2.49"
      }
    }
  }
}
